// !$*UTF8*$!
{
	archiveVersion = 1;
	classes = {
	};
	objectVersion = 46;
	objects = {

/* Begin PBXBuildFile section */
		14026CFC1953C42300C20027 /* Foundation.framework in Frameworks */ = {isa = PBXBuildFile; fileRef = 14026CFB1953C42300C20027 /* Foundation.framework */; };
		14026CFE1953C42300C20027 /* CoreGraphics.framework in Frameworks */ = {isa = PBXBuildFile; fileRef = 14026CFD1953C42300C20027 /* CoreGraphics.framework */; };
		14026D001953C42300C20027 /* UIKit.framework in Frameworks */ = {isa = PBXBuildFile; fileRef = 14026CFF1953C42300C20027 /* UIKit.framework */; };
		14026D061953C42300C20027 /* InfoPlist.strings in Resources */ = {isa = PBXBuildFile; fileRef = 14026D041953C42300C20027 /* InfoPlist.strings */; };
		14026D081953C42300C20027 /* main.m in Sources */ = {isa = PBXBuildFile; fileRef = 14026D071953C42300C20027 /* main.m */; };
		14026D0C1953C42300C20027 /* CardGameAppDelegate.m in Sources */ = {isa = PBXBuildFile; fileRef = 14026D0B1953C42300C20027 /* CardGameAppDelegate.m */; };
		14026D0F1953C42300C20027 /* Main.storyboard in Resources */ = {isa = PBXBuildFile; fileRef = 14026D0D1953C42300C20027 /* Main.storyboard */; };
		14026D121953C42300C20027 /* CardGameViewController.m in Sources */ = {isa = PBXBuildFile; fileRef = 14026D111953C42300C20027 /* CardGameViewController.m */; };
		14026D141953C42300C20027 /* Images.xcassets in Resources */ = {isa = PBXBuildFile; fileRef = 14026D131953C42300C20027 /* Images.xcassets */; };
		14026D1B1953C42300C20027 /* XCTest.framework in Frameworks */ = {isa = PBXBuildFile; fileRef = 14026D1A1953C42300C20027 /* XCTest.framework */; };
		14026D1C1953C42300C20027 /* Foundation.framework in Frameworks */ = {isa = PBXBuildFile; fileRef = 14026CFB1953C42300C20027 /* Foundation.framework */; };
		14026D1D1953C42300C20027 /* UIKit.framework in Frameworks */ = {isa = PBXBuildFile; fileRef = 14026CFF1953C42300C20027 /* UIKit.framework */; };
		14026D251953C42300C20027 /* InfoPlist.strings in Resources */ = {isa = PBXBuildFile; fileRef = 14026D231953C42300C20027 /* InfoPlist.strings */; };
		14026D271953C42300C20027 /* Matchismo2Tests.m in Sources */ = {isa = PBXBuildFile; fileRef = 14026D261953C42300C20027 /* Matchismo2Tests.m */; };
		14026D321953CC9000C20027 /* Card.m in Sources */ = {isa = PBXBuildFile; fileRef = 14026D311953CC9000C20027 /* Card.m */; };
		14026D361953CE0F00C20027 /* Deck.m in Sources */ = {isa = PBXBuildFile; fileRef = 14026D351953CE0F00C20027 /* Deck.m */; };
		14026D391953D1AD00C20027 /* PlayingCard.m in Sources */ = {isa = PBXBuildFile; fileRef = 14026D381953D1AD00C20027 /* PlayingCard.m */; };
		14026D3C1953D64200C20027 /* PlayingCardDeck.m in Sources */ = {isa = PBXBuildFile; fileRef = 14026D3B1953D64200C20027 /* PlayingCardDeck.m */; };
/* End PBXBuildFile section */

/* Begin PBXContainerItemProxy section */
		14026D1E1953C42300C20027 /* PBXContainerItemProxy */ = {
			isa = PBXContainerItemProxy;
			containerPortal = 14026CF01953C42300C20027 /* Project object */;
			proxyType = 1;
			remoteGlobalIDString = 14026CF71953C42300C20027;
			remoteInfo = Matchismo2;
		};
/* End PBXContainerItemProxy section */

/* Begin PBXFileReference section */
		14026CF81953C42300C20027 /* Matchismo2.app */ = {isa = PBXFileReference; explicitFileType = wrapper.application; includeInIndex = 0; path = Matchismo2.app; sourceTree = BUILT_PRODUCTS_DIR; };
		14026CFB1953C42300C20027 /* Foundation.framework */ = {isa = PBXFileReference; lastKnownFileType = wrapper.framework; name = Foundation.framework; path = System/Library/Frameworks/Foundation.framework; sourceTree = SDKROOT; };
		14026CFD1953C42300C20027 /* CoreGraphics.framework */ = {isa = PBXFileReference; lastKnownFileType = wrapper.framework; name = CoreGraphics.framework; path = System/Library/Frameworks/CoreGraphics.framework; sourceTree = SDKROOT; };
		14026CFF1953C42300C20027 /* UIKit.framework */ = {isa = PBXFileReference; lastKnownFileType = wrapper.framework; name = UIKit.framework; path = System/Library/Frameworks/UIKit.framework; sourceTree = SDKROOT; };
		14026D031953C42300C20027 /* Matchismo2-Info.plist */ = {isa = PBXFileReference; lastKnownFileType = text.plist.xml; path = "Matchismo2-Info.plist"; sourceTree = "<group>"; };
		14026D051953C42300C20027 /* en */ = {isa = PBXFileReference; lastKnownFileType = text.plist.strings; name = en; path = en.lproj/InfoPlist.strings; sourceTree = "<group>"; };
		14026D071953C42300C20027 /* main.m */ = {isa = PBXFileReference; lastKnownFileType = sourcecode.c.objc; path = main.m; sourceTree = "<group>"; };
		14026D091953C42300C20027 /* Matchismo2-Prefix.pch */ = {isa = PBXFileReference; lastKnownFileType = sourcecode.c.h; path = "Matchismo2-Prefix.pch"; sourceTree = "<group>"; };
		14026D0A1953C42300C20027 /* CardGameAppDelegate.h */ = {isa = PBXFileReference; lastKnownFileType = sourcecode.c.h; path = CardGameAppDelegate.h; sourceTree = "<group>"; };
		14026D0B1953C42300C20027 /* CardGameAppDelegate.m */ = {isa = PBXFileReference; lastKnownFileType = sourcecode.c.objc; path = CardGameAppDelegate.m; sourceTree = "<group>"; };
		14026D0E1953C42300C20027 /* Base */ = {isa = PBXFileReference; lastKnownFileType = file.storyboard; name = Base; path = Base.lproj/Main.storyboard; sourceTree = "<group>"; };
		14026D101953C42300C20027 /* CardGameViewController.h */ = {isa = PBXFileReference; lastKnownFileType = sourcecode.c.h; path = CardGameViewController.h; sourceTree = "<group>"; };
		14026D111953C42300C20027 /* CardGameViewController.m */ = {isa = PBXFileReference; lastKnownFileType = sourcecode.c.objc; path = CardGameViewController.m; sourceTree = "<group>"; };
		14026D131953C42300C20027 /* Images.xcassets */ = {isa = PBXFileReference; lastKnownFileType = folder.assetcatalog; path = Images.xcassets; sourceTree = "<group>"; };
		14026D191953C42300C20027 /* Matchismo2Tests.xctest */ = {isa = PBXFileReference; explicitFileType = wrapper.cfbundle; includeInIndex = 0; path = Matchismo2Tests.xctest; sourceTree = BUILT_PRODUCTS_DIR; };
		14026D1A1953C42300C20027 /* XCTest.framework */ = {isa = PBXFileReference; lastKnownFileType = wrapper.framework; name = XCTest.framework; path = Library/Frameworks/XCTest.framework; sourceTree = DEVELOPER_DIR; };
		14026D221953C42300C20027 /* Matchismo2Tests-Info.plist */ = {isa = PBXFileReference; lastKnownFileType = text.plist.xml; path = "Matchismo2Tests-Info.plist"; sourceTree = "<group>"; };
		14026D241953C42300C20027 /* en */ = {isa = PBXFileReference; lastKnownFileType = text.plist.strings; name = en; path = en.lproj/InfoPlist.strings; sourceTree = "<group>"; };
		14026D261953C42300C20027 /* Matchismo2Tests.m */ = {isa = PBXFileReference; lastKnownFileType = sourcecode.c.objc; path = Matchismo2Tests.m; sourceTree = "<group>"; };
		14026D301953CC9000C20027 /* Card.h */ = {isa = PBXFileReference; fileEncoding = 4; lastKnownFileType = sourcecode.c.h; name = Card.h; path = Modol/Card.h; sourceTree = "<group>"; };
		14026D311953CC9000C20027 /* Card.m */ = {isa = PBXFileReference; fileEncoding = 4; lastKnownFileType = sourcecode.c.objc; name = Card.m; path = Modol/Card.m; sourceTree = "<group>"; };
		14026D341953CE0F00C20027 /* Deck.h */ = {isa = PBXFileReference; fileEncoding = 4; lastKnownFileType = sourcecode.c.h; name = Deck.h; path = Modol/Deck.h; sourceTree = "<group>"; };
		14026D351953CE0F00C20027 /* Deck.m */ = {isa = PBXFileReference; fileEncoding = 4; lastKnownFileType = sourcecode.c.objc; name = Deck.m; path = Modol/Deck.m; sourceTree = "<group>"; };
		14026D371953D1AD00C20027 /* PlayingCard.h */ = {isa = PBXFileReference; fileEncoding = 4; lastKnownFileType = sourcecode.c.h; name = PlayingCard.h; path = Modol/PlayingCard.h; sourceTree = "<group>"; };
		14026D381953D1AD00C20027 /* PlayingCard.m */ = {isa = PBXFileReference; fileEncoding = 4; lastKnownFileType = sourcecode.c.objc; name = PlayingCard.m; path = Modol/PlayingCard.m; sourceTree = "<group>"; };
		14026D3A1953D64200C20027 /* PlayingCardDeck.h */ = {isa = PBXFileReference; fileEncoding = 4; lastKnownFileType = sourcecode.c.h; name = PlayingCardDeck.h; path = Modol/PlayingCardDeck.h; sourceTree = "<group>"; };
		14026D3B1953D64200C20027 /* PlayingCardDeck.m */ = {isa = PBXFileReference; fileEncoding = 4; lastKnownFileType = sourcecode.c.objc; name = PlayingCardDeck.m; path = Modol/PlayingCardDeck.m; sourceTree = "<group>"; };
/* End PBXFileReference section */

/* Begin PBXFrameworksBuildPhase section */
		14026CF51953C42300C20027 /* Frameworks */ = {
			isa = PBXFrameworksBuildPhase;
			buildActionMask = 2147483647;
			files = (
				14026CFE1953C42300C20027 /* CoreGraphics.framework in Frameworks */,
				14026D001953C42300C20027 /* UIKit.framework in Frameworks */,
				14026CFC1953C42300C20027 /* Foundation.framework in Frameworks */,
			);
			runOnlyForDeploymentPostprocessing = 0;
		};
		14026D161953C42300C20027 /* Frameworks */ = {
			isa = PBXFrameworksBuildPhase;
			buildActionMask = 2147483647;
			files = (
				14026D1B1953C42300C20027 /* XCTest.framework in Frameworks */,
				14026D1D1953C42300C20027 /* UIKit.framework in Frameworks */,
				14026D1C1953C42300C20027 /* Foundation.framework in Frameworks */,
			);
			runOnlyForDeploymentPostprocessing = 0;
		};
/* End PBXFrameworksBuildPhase section */

/* Begin PBXGroup section */
		14026CEF1953C42300C20027 = {
			isa = PBXGroup;
			children = (
				14026D011953C42300C20027 /* Matchismo2 */,
				14026D201953C42300C20027 /* Matchismo2Tests */,
				14026CFA1953C42300C20027 /* Frameworks */,
				14026CF91953C42300C20027 /* Products */,
			);
			sourceTree = "<group>";
		};
		14026CF91953C42300C20027 /* Products */ = {
			isa = PBXGroup;
			children = (
				14026CF81953C42300C20027 /* Matchismo2.app */,
				14026D191953C42300C20027 /* Matchismo2Tests.xctest */,
			);
			name = Products;
			sourceTree = "<group>";
		};
		14026CFA1953C42300C20027 /* Frameworks */ = {
			isa = PBXGroup;
			children = (
				14026CFB1953C42300C20027 /* Foundation.framework */,
				14026CFD1953C42300C20027 /* CoreGraphics.framework */,
				14026CFF1953C42300C20027 /* UIKit.framework */,
				14026D1A1953C42300C20027 /* XCTest.framework */,
			);
			name = Frameworks;
			sourceTree = "<group>";
		};
		14026D011953C42300C20027 /* Matchismo2 */ = {
			isa = PBXGroup;
			children = (
				14026D0D1953C42300C20027 /* Main.storyboard */,
				14026D101953C42300C20027 /* CardGameViewController.h */,
				14026D111953C42300C20027 /* CardGameViewController.m */,
				14026D131953C42300C20027 /* Images.xcassets */,
				14026D331953CC9B00C20027 /* Model */,
				14026D021953C42300C20027 /* Supporting Files */,
			);
			path = Matchismo2;
			sourceTree = "<group>";
		};
		14026D021953C42300C20027 /* Supporting Files */ = {
			isa = PBXGroup;
			children = (
				14026D0A1953C42300C20027 /* CardGameAppDelegate.h */,
				14026D0B1953C42300C20027 /* CardGameAppDelegate.m */,
				14026D031953C42300C20027 /* Matchismo2-Info.plist */,
				14026D041953C42300C20027 /* InfoPlist.strings */,
				14026D071953C42300C20027 /* main.m */,
				14026D091953C42300C20027 /* Matchismo2-Prefix.pch */,
			);
			name = "Supporting Files";
			sourceTree = "<group>";
		};
		14026D201953C42300C20027 /* Matchismo2Tests */ = {
			isa = PBXGroup;
			children = (
				14026D261953C42300C20027 /* Matchismo2Tests.m */,
				14026D211953C42300C20027 /* Supporting Files */,
			);
			path = Matchismo2Tests;
			sourceTree = "<group>";
		};
		14026D211953C42300C20027 /* Supporting Files */ = {
			isa = PBXGroup;
			children = (
				14026D221953C42300C20027 /* Matchismo2Tests-Info.plist */,
				14026D231953C42300C20027 /* InfoPlist.strings */,
			);
			name = "Supporting Files";
			sourceTree = "<group>";
		};
		14026D331953CC9B00C20027 /* Model */ = {
			isa = PBXGroup;
			children = (
				14026D301953CC9000C20027 /* Card.h */,
				14026D311953CC9000C20027 /* Card.m */,
				14026D371953D1AD00C20027 /* PlayingCard.h */,
				14026D381953D1AD00C20027 /* PlayingCard.m */,
				14026D341953CE0F00C20027 /* Deck.h */,
				14026D351953CE0F00C20027 /* Deck.m */,
				14026D3A1953D64200C20027 /* PlayingCardDeck.h */,
				14026D3B1953D64200C20027 /* PlayingCardDeck.m */,
			);
			name = Model;
			sourceTree = "<group>";
		};
/* End PBXGroup section */

/* Begin PBXNativeTarget section */
		14026CF71953C42300C20027 /* Matchismo2 */ = {
			isa = PBXNativeTarget;
			buildConfigurationList = 14026D2A1953C42300C20027 /* Build configuration list for PBXNativeTarget "Matchismo2" */;
			buildPhases = (
				14026CF41953C42300C20027 /* Sources */,
				14026CF51953C42300C20027 /* Frameworks */,
				14026CF61953C42300C20027 /* Resources */,
			);
			buildRules = (
			);
			dependencies = (
			);
			name = Matchismo2;
			productName = Matchismo2;
			productReference = 14026CF81953C42300C20027 /* Matchismo2.app */;
			productType = "com.apple.product-type.application";
		};
		14026D181953C42300C20027 /* Matchismo2Tests */ = {
			isa = PBXNativeTarget;
			buildConfigurationList = 14026D2D1953C42300C20027 /* Build configuration list for PBXNativeTarget "Matchismo2Tests" */;
			buildPhases = (
				14026D151953C42300C20027 /* Sources */,
				14026D161953C42300C20027 /* Frameworks */,
				14026D171953C42300C20027 /* Resources */,
			);
			buildRules = (
			);
			dependencies = (
				14026D1F1953C42300C20027 /* PBXTargetDependency */,
			);
			name = Matchismo2Tests;
			productName = Matchismo2Tests;
			productReference = 14026D191953C42300C20027 /* Matchismo2Tests.xctest */;
			productType = "com.apple.product-type.bundle.unit-test";
		};
/* End PBXNativeTarget section */

/* Begin PBXProject section */
		14026CF01953C42300C20027 /* Project object */ = {
			isa = PBXProject;
			attributes = {
				CLASSPREFIX = CardGame;
				LastUpgradeCheck = 0510;
				ORGANIZATIONNAME = "___FULLUSERNAME___";
				TargetAttributes = {
					14026D181953C42300C20027 = {
						TestTargetID = 14026CF71953C42300C20027;
					};
				};
			};
			buildConfigurationList = 14026CF31953C42300C20027 /* Build configuration list for PBXProject "Matchismo2" */;
			compatibilityVersion = "Xcode 3.2";
			developmentRegion = English;
			hasScannedForEncodings = 0;
			knownRegions = (
				en,
				Base,
			);
			mainGroup = 14026CEF1953C42300C20027;
			productRefGroup = 14026CF91953C42300C20027 /* Products */;
			projectDirPath = "";
			projectRoot = "";
			targets = (
				14026CF71953C42300C20027 /* Matchismo2 */,
				14026D181953C42300C20027 /* Matchismo2Tests */,
			);
		};
/* End PBXProject section */

/* Begin PBXResourcesBuildPhase section */
		14026CF61953C42300C20027 /* Resources */ = {
			isa = PBXResourcesBuildPhase;
			buildActionMask = 2147483647;
			files = (
				14026D141953C42300C20027 /* Images.xcassets in Resources */,
				14026D061953C42300C20027 /* InfoPlist.strings in Resources */,
				14026D0F1953C42300C20027 /* Main.storyboard in Resources */,
			);
			runOnlyForDeploymentPostprocessing = 0;
		};
		14026D171953C42300C20027 /* Resources */ = {
			isa = PBXResourcesBuildPhase;
			buildActionMask = 2147483647;
			files = (
				14026D251953C42300C20027 /* InfoPlist.strings in Resources */,
			);
			runOnlyForDeploymentPostprocessing = 0;
		};
/* End PBXResourcesBuildPhase section */

/* Begin PBXSourcesBuildPhase section */
		14026CF41953C42300C20027 /* Sources */ = {
			isa = PBXSourcesBuildPhase;
			buildActionMask = 2147483647;
			files = (
				14026D391953D1AD00C20027 /* PlayingCard.m in Sources */,
				14026D361953CE0F00C20027 /* Deck.m in Sources */,
				14026D0C1953C42300C20027 /* CardGameAppDelegate.m in Sources */,
				14026D121953C42300C20027 /* CardGameViewController.m in Sources */,
				14026D3C1953D64200C20027 /* PlayingCardDeck.m in Sources */,
				14026D081953C42300C20027 /* main.m in Sources */,
				14026D321953CC9000C20027 /* Card.m in Sources */,
			);
			runOnlyForDeploymentPostprocessing = 0;
		};
		14026D151953C42300C20027 /* Sources */ = {
			isa = PBXSourcesBuildPhase;
			buildActionMask = 2147483647;
			files = (
				14026D271953C42300C20027 /* Matchismo2Tests.m in Sources */,
			);
			runOnlyForDeploymentPostprocessing = 0;
		};
/* End PBXSourcesBuildPhase section */

/* Begin PBXTargetDependency section */
		14026D1F1953C42300C20027 /* PBXTargetDependency */ = {
			isa = PBXTargetDependency;
			target = 14026CF71953C42300C20027 /* Matchismo2 */;
			targetProxy = 14026D1E1953C42300C20027 /* PBXContainerItemProxy */;
		};
/* End PBXTargetDependency section */

/* Begin PBXVariantGroup section */
		14026D041953C42300C20027 /* InfoPlist.strings */ = {
			isa = PBXVariantGroup;
			children = (
				14026D051953C42300C20027 /* en */,
			);
			name = InfoPlist.strings;
			sourceTree = "<group>";
		};
		14026D0D1953C42300C20027 /* Main.storyboard */ = {
			isa = PBXVariantGroup;
			children = (
				14026D0E1953C42300C20027 /* Base */,
			);
			name = Main.storyboard;
			sourceTree = "<group>";
		};
		14026D231953C42300C20027 /* InfoPlist.strings */ = {
			isa = PBXVariantGroup;
			children = (
				14026D241953C42300C20027 /* en */,
			);
			name = InfoPlist.strings;
			sourceTree = "<group>";
		};
/* End PBXVariantGroup section */

/* Begin XCBuildConfiguration section */
		14026D281953C42300C20027 /* Debug */ = {
			isa = XCBuildConfiguration;
			buildSettings = {
				ALWAYS_SEARCH_USER_PATHS = NO;
				CLANG_CXX_LANGUAGE_STANDARD = "gnu++0x";
				CLANG_CXX_LIBRARY = "libc++";
				CLANG_ENABLE_MODULES = YES;
				CLANG_ENABLE_OBJC_ARC = YES;
				CLANG_WARN_BOOL_CONVERSION = YES;
				CLANG_WARN_CONSTANT_CONVERSION = YES;
				CLANG_WARN_DIRECT_OBJC_ISA_USAGE = YES_ERROR;
				CLANG_WARN_EMPTY_BODY = YES;
				CLANG_WARN_ENUM_CONVERSION = YES;
				CLANG_WARN_INT_CONVERSION = YES;
				CLANG_WARN_OBJC_ROOT_CLASS = YES_ERROR;
				CLANG_WARN__DUPLICATE_METHOD_MATCH = YES;
				"CODE_SIGN_IDENTITY[sdk=iphoneos*]" = "iPhone Developer";
				COPY_PHASE_STRIP = NO;
				GCC_C_LANGUAGE_STANDARD = gnu99;
				GCC_DYNAMIC_NO_PIC = NO;
				GCC_OPTIMIZATION_LEVEL = 0;
				GCC_PREPROCESSOR_DEFINITIONS = (
					"DEBUG=1",
					"$(inherited)",
				);
				GCC_SYMBOLS_PRIVATE_EXTERN = NO;
				GCC_WARN_64_TO_32_BIT_CONVERSION = YES;
				GCC_WARN_ABOUT_RETURN_TYPE = YES_ERROR;
				GCC_WARN_UNDECLARED_SELECTOR = YES;
				GCC_WARN_UNINITIALIZED_AUTOS = YES_AGGRESSIVE;
				GCC_WARN_UNUSED_FUNCTION = YES;
				GCC_WARN_UNUSED_VARIABLE = YES;
				IPHONEOS_DEPLOYMENT_TARGET = 7.1;
				ONLY_ACTIVE_ARCH = YES;
				SDKROOT = iphoneos;
			};
			name = Debug;
		};
		14026D291953C42300C20027 /* Release */ = {
			isa = XCBuildConfiguration;
			buildSettings = {
				ALWAYS_SEARCH_USER_PATHS = NO;
				CLANG_CXX_LANGUAGE_STANDARD = "gnu++0x";
				CLANG_CXX_LIBRARY = "libc++";
				CLANG_ENABLE_MODULES = YES;
				CLANG_ENABLE_OBJC_ARC = YES;
				CLANG_WARN_BOOL_CONVERSION = YES;
				CLANG_WARN_CONSTANT_CONVERSION = YES;
				CLANG_WARN_DIRECT_OBJC_ISA_USAGE = YES_ERROR;
				CLANG_WARN_EMPTY_BODY = YES;
				CLANG_WARN_ENUM_CONVERSION = YES;
				CLANG_WARN_INT_CONVERSION = YES;
				CLANG_WARN_OBJC_ROOT_CLASS = YES_ERROR;
				CLANG_WARN__DUPLICATE_METHOD_MATCH = YES;
				"CODE_SIGN_IDENTITY[sdk=iphoneos*]" = "iPhone Developer";
				COPY_PHASE_STRIP = YES;
				ENABLE_NS_ASSERTIONS = NO;
				GCC_C_LANGUAGE_STANDARD = gnu99;
				GCC_WARN_64_TO_32_BIT_CONVERSION = YES;
				GCC_WARN_ABOUT_RETURN_TYPE = YES_ERROR;
				GCC_WARN_UNDECLARED_SELECTOR = YES;
				GCC_WARN_UNINITIALIZED_AUTOS = YES_AGGRESSIVE;
				GCC_WARN_UNUSED_FUNCTION = YES;
				GCC_WARN_UNUSED_VARIABLE = YES;
				IPHONEOS_DEPLOYMENT_TARGET = 7.1;
				SDKROOT = iphoneos;
				VALIDATE_PRODUCT = YES;
			};
			name = Release;
		};
		14026D2B1953C42300C20027 /* Debug */ = {
			isa = XCBuildConfiguration;
			buildSettings = {
				ASSETCATALOG_COMPILER_APPICON_NAME = AppIcon;
				ASSETCATALOG_COMPILER_LAUNCHIMAGE_NAME = LaunchImage;
				GCC_PRECOMPILE_PREFIX_HEADER = YES;
				GCC_PREFIX_HEADER = "Matchismo2/Matchismo2-Prefix.pch";
				INFOPLIST_FILE = "Matchismo2/Matchismo2-Info.plist";
				PRODUCT_NAME = "$(TARGET_NAME)";
				WRAPPER_EXTENSION = app;
			};
			name = Debug;
		};
		14026D2C1953C42300C20027 /* Release */ = {
			isa = XCBuildConfiguration;
			buildSettings = {
				ASSETCATALOG_COMPILER_APPICON_NAME = AppIcon;
				ASSETCATALOG_COMPILER_LAUNCHIMAGE_NAME = LaunchImage;
				GCC_PRECOMPILE_PREFIX_HEADER = YES;
				GCC_PREFIX_HEADER = "Matchismo2/Matchismo2-Prefix.pch";
				INFOPLIST_FILE = "Matchismo2/Matchismo2-Info.plist";
				PRODUCT_NAME = "$(TARGET_NAME)";
				WRAPPER_EXTENSION = app;
			};
			name = Release;
		};
		14026D2E1953C42300C20027 /* Debug */ = {
			isa = XCBuildConfiguration;
			buildSettings = {
				BUNDLE_LOADER = "$(BUILT_PRODUCTS_DIR)/Matchismo2.app/Matchismo2";
				FRAMEWORK_SEARCH_PATHS = (
					"$(SDKROOT)/Developer/Library/Frameworks",
					"$(inherited)",
					"$(DEVELOPER_FRAMEWORKS_DIR)",
				);
				GCC_PRECOMPILE_PREFIX_HEADER = YES;
				GCC_PREFIX_HEADER = "Matchismo2/Matchismo2-Prefix.pch";
				GCC_PREPROCESSOR_DEFINITIONS = (
					"DEBUG=1",
					"$(inherited)",
				);
				INFOPLIST_FILE = "Matchismo2Tests/Matchismo2Tests-Info.plist";
				PRODUCT_NAME = "$(TARGET_NAME)";
				TEST_HOST = "$(BUNDLE_LOADER)";
				WRAPPER_EXTENSION = xctest;
			};
			name = Debug;
		};
		14026D2F1953C42300C20027 /* Release */ = {
			isa = XCBuildConfiguration;
			buildSettings = {
				BUNDLE_LOADER = "$(BUILT_PRODUCTS_DIR)/Matchismo2.app/Matchismo2";
				FRAMEWORK_SEARCH_PATHS = (
					"$(SDKROOT)/Developer/Library/Frameworks",
					"$(inherited)",
					"$(DEVELOPER_FRAMEWORKS_DIR)",
				);
				GCC_PRECOMPILE_PREFIX_HEADER = YES;
				GCC_PREFIX_HEADER = "Matchismo2/Matchismo2-Prefix.pch";
				INFOPLIST_FILE = "Matchismo2Tests/Matchismo2Tests-Info.plist";
				PRODUCT_NAME = "$(TARGET_NAME)";
				TEST_HOST = "$(BUNDLE_LOADER)";
				WRAPPER_EXTENSION = xctest;
			};
			name = Release;
		};
/* End XCBuildConfiguration section */

/* Begin XCConfigurationList section */
		14026CF31953C42300C20027 /* Build configuration list for PBXProject "Matchismo2" */ = {
			isa = XCConfigurationList;
			buildConfigurations = (
				14026D281953C42300C20027 /* Debug */,
				14026D291953C42300C20027 /* Release */,
			);
			defaultConfigurationIsVisible = 0;
			defaultConfigurationName = Release;
		};
		14026D2A1953C42300C20027 /* Build configuration list for PBXNativeTarget "Matchismo2" */ = {
			isa = XCConfigurationList;
			buildConfigurations = (
				14026D2B1953C42300C20027 /* Debug */,
				14026D2C1953C42300C20027 /* Release */,
			);
			defaultConfigurationIsVisible = 0;
			defaultConfigurationName = Release;
		};
		14026D2D1953C42300C20027 /* Build configuration list for PBXNativeTarget "Matchismo2Tests" */ = {
			isa = XCConfigurationList;
			buildConfigurations = (
				14026D2E1953C42300C20027 /* Debug */,
				14026D2F1953C42300C20027 /* Release */,
			);
			defaultConfigurationIsVisible = 0;
			defaultConfigurationName = Release;
		};
/* End XCConfigurationList section */
	};
	rootObject = 14026CF01953C42300C20027 /* Project object */;
}
